dependencies:
- name: cp-helm-charts
  repository: https://confluentinc.github.io/cp-helm-charts/
  version: 0.6.1
- name: kafka-manager
  repository: https://charts.helm.sh/stable/
  version: 2.3.2
- name: kafka-connect-ui
  repository: https://gradiant.github.io/charts/
  version: 0.1.0
- name: schema-registry-ui
  repository: https://charts.helm.sh/stable/
  version: 0.4.4
- name: kafka-topics-ui
  repository: https://dhiatn.github.io/helm-kafka-topics-ui/
  version: 0.3.0
digest: sha256:75faa6c68d835b9edc9a2273a6d6052c604e3e8ff47b65392779aaf78276d442
generated: "2021-04-26T15:38:21.870554027+02:00"
