dependencies:
- name: flink-kubernetes-operator
  repository: https://packages.confluent.io/helm
  version: 1.120.1
- name: confluent-manager-for-apache-flink
  repository: https://packages.confluent.io/helm
  version: 2.0.1
- name: confluent-for-kubernetes
  repository: https://packages.confluent.io/helm
  version: 0.1263.8
digest: sha256:b51fedd748a860eb27edee9c85359defa5b26065a1a1dd957f940561f2a332c6
generated: "2025-07-23T13:09:10.753279+02:00"
