dependencies:
- name: strimzi-kafka-operator
  repository: https://strimzi.io/charts/
  version: 0.46.1
- name: cp-helm
  repository: file://charts/cp-helm
  version: 0.6.1
- name: kafka-ui
  repository: https://kafbat.github.io/helm-charts
  version: 1.5.0
- name: flink-kubernetes-operator
  repository: https://downloads.apache.org/flink/flink-kubernetes-operator-1.12.1
  version: 1.12.1
digest: sha256:ad3931679b6781658e8e1ec94f7bdc74e2e670c6a30d5a2dca3df392909d4731
generated: "2025-07-14T12:17:54.167651645+02:00"
