dependencies:
- name: strimzi-kafka-operator
  repository: https://strimzi.io/charts/
  version: 0.50.0
- name: cp-helm
  repository: file://charts/cp-helm
  version: 0.6.1
- name: kafka-ui
  repository: https://kafbat.github.io/helm-charts
  version: 1.5.0
- name: flink-kubernetes-operator
  repository: https://downloads.apache.org/flink/flink-kubernetes-operator-1.11.0
  version: 1.11.0
digest: sha256:782066b02397aa16de7d170c5760e26f3b2d0e21846ea8fedaf3bd345000a67d
generated: "2026-01-22T12:35:00.968271+02:00"
