dependencies:
- name: strimzi-kafka-operator
  repository: https://strimzi.io/charts/
  version: 0.41.0
- name: cp-helm
  repository: file://charts/cp-helm
  version: 0.6.1
- name: kafka-ui
  repository: https://kafbat.github.io/helm-charts
  version: 1.4.2
digest: sha256:513fa47de3a3c94f993d54bc081cbfc092b1b2359319fe00056c61f2a41b5a21
generated: "2024-06-27T15:07:12.213227263+02:00"
